
Microsoft Visual Studio Solution File, Format Version 12.00
# Visual Studio Version 16
VisualStudioVersion = 16.0.31410.357
MinimumVisualStudioVersion = 10.0.40219.1
Project("{FAE04EC0-301F-11D3-BF4B-00C04F79EFBC}") = "FirstMVC", "FirstMVC\FirstMVC.csproj", "{ABB25354-5316-4D16-A2C3-008AB194ED0C}"
EndProject
Project("{FAE04EC0-301F-11D3-BF4B-00C04F79EFBC}") = "BusinessLayer", "BusinessLayer\BusinessLayer.csproj", "{9E929B74-9477-4539-A5D8-22B5803A48C4}"
EndProject
Project("{FAE04EC0-301F-11D3-BF4B-00C04F79EFBC}") = "EntityLayer", "EntityLayer\EntityLayer.csproj", "{828DB882-494C-4F64-A45F-4B8ED047FF40}"
EndProject
Project("{FAE04EC0-301F-11D3-BF4B-00C04F79EFBC}") = "DataAccessLayer", "DataAccessLayer\DataAccessLayer.csproj", "{F787424B-9F62-4292-A4E3-28CA849CDA0E}"
EndProject
Global
	GlobalSection(SolutionConfigurationPlatforms) = preSolution
		Debug|Any CPU = Debug|Any CPU
		Release|Any CPU = Release|Any CPU
	EndGlobalSection
	GlobalSection(ProjectConfigurationPlatforms) = postSolution
		{ABB25354-5316-4D16-A2C3-008AB194ED0C}.Debug|Any CPU.ActiveCfg = Debug|Any CPU
		{ABB25354-5316-4D16-A2C3-008AB194ED0C}.Debug|Any CPU.Build.0 = Debug|Any CPU
		{ABB25354-5316-4D16-A2C3-008AB194ED0C}.Release|Any CPU.ActiveCfg = Release|Any CPU
		{ABB25354-5316-4D16-A2C3-008AB194ED0C}.Release|Any CPU.Build.0 = Release|Any CPU
		{9E929B74-9477-4539-A5D8-22B5803A48C4}.Debug|Any CPU.ActiveCfg = Debug|Any CPU
		{9E929B74-9477-4539-A5D8-22B5803A48C4}.Debug|Any CPU.Build.0 = Debug|Any CPU
		{9E929B74-9477-4539-A5D8-22B5803A48C4}.Release|Any CPU.ActiveCfg = Release|Any CPU
		{9E929B74-9477-4539-A5D8-22B5803A48C4}.Release|Any CPU.Build.0 = Release|Any CPU
		{828DB882-494C-4F64-A45F-4B8ED047FF40}.Debug|Any CPU.ActiveCfg = Debug|Any CPU
		{828DB882-494C-4F64-A45F-4B8ED047FF40}.Debug|Any CPU.Build.0 = Debug|Any CPU
		{828DB882-494C-4F64-A45F-4B8ED047FF40}.Release|Any CPU.ActiveCfg = Release|Any CPU
		{828DB882-494C-4F64-A45F-4B8ED047FF40}.Release|Any CPU.Build.0 = Release|Any CPU
		{F787424B-9F62-4292-A4E3-28CA849CDA0E}.Debug|Any CPU.ActiveCfg = Debug|Any CPU
		{F787424B-9F62-4292-A4E3-28CA849CDA0E}.Debug|Any CPU.Build.0 = Debug|Any CPU
		{F787424B-9F62-4292-A4E3-28CA849CDA0E}.Release|Any CPU.ActiveCfg = Release|Any CPU
		{F787424B-9F62-4292-A4E3-28CA849CDA0E}.Release|Any CPU.Build.0 = Release|Any CPU
	EndGlobalSection
	GlobalSection(SolutionProperties) = preSolution
		HideSolutionNode = FALSE
	EndGlobalSection
	GlobalSection(ExtensibilityGlobals) = postSolution
		SolutionGuid = {B77C96F4-F3C6-4DA7-9B37-2F8D4D3C6BEE}
	EndGlobalSection
EndGlobal
